
Microsoft Visual Studio Solution File, Format Version 12.00
# Visual Studio 15
VisualStudioVersion = 15.0.28307.271
MinimumVisualStudioVersion = 10.0.40219.1
Project("{FAE04EC0-301F-11D3-BF4B-00C04F79EFBC}") = "HomeShopping", "HomeShopping\HomeShopping.csproj", "{7A770742-2535-4BEA-B93E-EBB0E3F7C04E}"
EndProject
Project("{FAE04EC0-301F-11D3-BF4B-00C04F79EFBC}") = "HomeShopping.DAL", "HomeShopping.DAL\HomeShopping.DAL.csproj", "{F85461FB-9141-4035-A1E1-CEB588905F15}"
EndProject
Project("{FAE04EC0-301F-11D3-BF4B-00C04F79EFBC}") = "HomeShopping.BLL", "HomeShopping.BLL\HomeShopping.BLL.csproj", "{1AEA29B3-D1B0-4AE7-A180-DBA7667E6F81}"
EndProject
Global
	GlobalSection(SolutionConfigurationPlatforms) = preSolution
		Debug|Any CPU = Debug|Any CPU
		Release|Any CPU = Release|Any CPU
	EndGlobalSection
	GlobalSection(ProjectConfigurationPlatforms) = postSolution
		{7A770742-2535-4BEA-B93E-EBB0E3F7C04E}.Debug|Any CPU.ActiveCfg = Debug|Any CPU
		{7A770742-2535-4BEA-B93E-EBB0E3F7C04E}.Debug|Any CPU.Build.0 = Debug|Any CPU
		{7A770742-2535-4BEA-B93E-EBB0E3F7C04E}.Release|Any CPU.ActiveCfg = Release|Any CPU
		{7A770742-2535-4BEA-B93E-EBB0E3F7C04E}.Release|Any CPU.Build.0 = Release|Any CPU
		{F85461FB-9141-4035-A1E1-CEB588905F15}.Debug|Any CPU.ActiveCfg = Debug|Any CPU
		{F85461FB-9141-4035-A1E1-CEB588905F15}.Debug|Any CPU.Build.0 = Debug|Any CPU
		{F85461FB-9141-4035-A1E1-CEB588905F15}.Release|Any CPU.ActiveCfg = Release|Any CPU
		{F85461FB-9141-4035-A1E1-CEB588905F15}.Release|Any CPU.Build.0 = Release|Any CPU
		{1AEA29B3-D1B0-4AE7-A180-DBA7667E6F81}.Debug|Any CPU.ActiveCfg = Debug|Any CPU
		{1AEA29B3-D1B0-4AE7-A180-DBA7667E6F81}.Debug|Any CPU.Build.0 = Debug|Any CPU
		{1AEA29B3-D1B0-4AE7-A180-DBA7667E6F81}.Release|Any CPU.ActiveCfg = Release|Any CPU
		{1AEA29B3-D1B0-4AE7-A180-DBA7667E6F81}.Release|Any CPU.Build.0 = Release|Any CPU
	EndGlobalSection
	GlobalSection(SolutionProperties) = preSolution
		HideSolutionNode = FALSE
	EndGlobalSection
	GlobalSection(ExtensibilityGlobals) = postSolution
		SolutionGuid = {7E9F0FB7-8174-4328-9BB2-9578C83F024A}
	EndGlobalSection
EndGlobal
